// !$*UTF8*$!
{
	archiveVersion = 1;
	classes = {
	};
	objectVersion = 56;
	objects = {

/* Begin PBXBuildFile section */
		C1C8CB242953386D00C1633F /* AppDelegate.swift in Sources */ = {isa = PBXBuildFile; fileRef = C1C8CB232953386D00C1633F /* AppDelegate.swift */; };
		C1C8CB262953386D00C1633F /* SceneDelegate.swift in Sources */ = {isa = PBXBuildFile; fileRef = C1C8CB252953386D00C1633F /* SceneDelegate.swift */; };
		C1C8CB282953386D00C1633F /* ViewController.swift in Sources */ = {isa = PBXBuildFile; fileRef = C1C8CB272953386D00C1633F /* ViewController.swift */; };
		C1C8CB2D2953386F00C1633F /* Assets.xcassets in Resources */ = {isa = PBXBuildFile; fileRef = C1C8CB2C2953386F00C1633F /* Assets.xcassets */; };
		C1C8CB302953386F00C1633F /* LaunchScreen.storyboard in Resources */ = {isa = PBXBuildFile; fileRef = C1C8CB2E2953386F00C1633F /* LaunchScreen.storyboard */; };
		C1C8CB3C29533B0800C1633F /* SnapKit in Frameworks */ = {isa = PBXBuildFile; productRef = C1C8CB3B29533B0800C1633F /* SnapKit */; };
		C1C8CB4029533EDE00C1633F /* Inter-Bold.otf in Resources */ = {isa = PBXBuildFile; fileRef = C1C8CB3E29533EDE00C1633F /* Inter-Bold.otf */; };
		C1C8CB4129533EDE00C1633F /* Inter-Regular.otf in Resources */ = {isa = PBXBuildFile; fileRef = C1C8CB3F29533EDE00C1633F /* Inter-Regular.otf */; };
/* End PBXBuildFile section */

/* Begin PBXFileReference section */
		C1C8CB202953386D00C1633F /* LayoutAuthorizationScreen.app */ = {isa = PBXFileReference; explicitFileType = wrapper.application; includeInIndex = 0; path = LayoutAuthorizationScreen.app; sourceTree = BUILT_PRODUCTS_DIR; };
		C1C8CB232953386D00C1633F /* AppDelegate.swift */ = {isa = PBXFileReference; lastKnownFileType = sourcecode.swift; path = AppDelegate.swift; sourceTree = "<group>"; };
		C1C8CB252953386D00C1633F /* SceneDelegate.swift */ = {isa = PBXFileReference; lastKnownFileType = sourcecode.swift; path = SceneDelegate.swift; sourceTree = "<group>"; };
		C1C8CB272953386D00C1633F /* ViewController.swift */ = {isa = PBXFileReference; lastKnownFileType = sourcecode.swift; path = ViewController.swift; sourceTree = "<group>"; };
		C1C8CB2C2953386F00C1633F /* Assets.xcassets */ = {isa = PBXFileReference; lastKnownFileType = folder.assetcatalog; path = Assets.xcassets; sourceTree = "<group>"; };
		C1C8CB2F2953386F00C1633F /* Base */ = {isa = PBXFileReference; lastKnownFileType = file.storyboard; name = Base; path = Base.lproj/LaunchScreen.storyboard; sourceTree = "<group>"; };
		C1C8CB312953386F00C1633F /* Info.plist */ = {isa = PBXFileReference; lastKnownFileType = text.plist.xml; path = Info.plist; sourceTree = "<group>"; };
		C1C8CB3E29533EDE00C1633F /* Inter-Bold.otf */ = {isa = PBXFileReference; lastKnownFileType = file; path = "Inter-Bold.otf"; sourceTree = "<group>"; };
		C1C8CB3F29533EDE00C1633F /* Inter-Regular.otf */ = {isa = PBXFileReference; lastKnownFileType = file; path = "Inter-Regular.otf"; sourceTree = "<group>"; };
/* End PBXFileReference section */

/* Begin PBXFrameworksBuildPhase section */
		C1C8CB1D2953386D00C1633F /* Frameworks */ = {
			isa = PBXFrameworksBuildPhase;
			buildActionMask = 2147483647;
			files = (
				C1C8CB3C29533B0800C1633F /* SnapKit in Frameworks */,
			);
			runOnlyForDeploymentPostprocessing = 0;
		};
/* End PBXFrameworksBuildPhase section */

/* Begin PBXGroup section */
		C1C8CB172953386D00C1633F = {
			isa = PBXGroup;
			children = (
				C1C8CB222953386D00C1633F /* LayoutAuthorizationScreen */,
				C1C8CB212953386D00C1633F /* Products */,
			);
			sourceTree = "<group>";
		};
		C1C8CB212953386D00C1633F /* Products */ = {
			isa = PBXGroup;
			children = (
				C1C8CB202953386D00C1633F /* LayoutAuthorizationScreen.app */,
			);
			name = Products;
			sourceTree = "<group>";
		};
		C1C8CB222953386D00C1633F /* LayoutAuthorizationScreen */ = {
			isa = PBXGroup;
			children = (
				C1C8CB372953397700C1633F /* Resources */,
				C1C8CB382953397D00C1633F /* Sources */,
			);
			path = LayoutAuthorizationScreen;
			sourceTree = "<group>";
		};
		C1C8CB372953397700C1633F /* Resources */ = {
			isa = PBXGroup;
			children = (
				C1C8CB3D29533EDE00C1633F /* InterFont */,
				C1C8CB2C2953386F00C1633F /* Assets.xcassets */,
				C1C8CB2E2953386F00C1633F /* LaunchScreen.storyboard */,
				C1C8CB312953386F00C1633F /* Info.plist */,
			);
			path = Resources;
			sourceTree = "<group>";
		};
		C1C8CB382953397D00C1633F /* Sources */ = {
			isa = PBXGroup;
			children = (
				C1C8CB392953398800C1633F /* App */,
				C1C8CB272953386D00C1633F /* ViewController.swift */,
			);
			path = Sources;
			sourceTree = "<group>";
		};
		C1C8CB392953398800C1633F /* App */ = {
			isa = PBXGroup;
			children = (
				C1C8CB232953386D00C1633F /* AppDelegate.swift */,
				C1C8CB252953386D00C1633F /* SceneDelegate.swift */,
			);
			path = App;
			sourceTree = "<group>";
		};
		C1C8CB3D29533EDE00C1633F /* InterFont */ = {
			isa = PBXGroup;
			children = (
				C1C8CB3E29533EDE00C1633F /* Inter-Bold.otf */,
				C1C8CB3F29533EDE00C1633F /* Inter-Regular.otf */,
			);
			path = InterFont;
			sourceTree = "<group>";
		};
/* End PBXGroup section */

/* Begin PBXNativeTarget section */
		C1C8CB1F2953386D00C1633F /* LayoutAuthorizationScreen */ = {
			isa = PBXNativeTarget;
			buildConfigurationList = C1C8CB342953386F00C1633F /* Build configuration list for PBXNativeTarget "LayoutAuthorizationScreen" */;
			buildPhases = (
				C1C8CB1C2953386D00C1633F /* Sources */,
				C1C8CB1D2953386D00C1633F /* Frameworks */,
				C1C8CB1E2953386D00C1633F /* Resources */,
			);
			buildRules = (
			);
			dependencies = (
			);
			name = LayoutAuthorizationScreen;
			packageProductDependencies = (
				C1C8CB3B29533B0800C1633F /* SnapKit */,
			);
			productName = LayoutAuthorizationScreen;
			productReference = C1C8CB202953386D00C1633F /* LayoutAuthorizationScreen.app */;
			productType = "com.apple.product-type.application";
		};
/* End PBXNativeTarget section */

/* Begin PBXProject section */
		C1C8CB182953386D00C1633F /* Project object */ = {
			isa = PBXProject;
			attributes = {
				BuildIndependentTargetsInParallel = 1;
				LastSwiftUpdateCheck = 1420;
				LastUpgradeCheck = 1420;
				TargetAttributes = {
					C1C8CB1F2953386D00C1633F = {
						CreatedOnToolsVersion = 14.2;
					};
				};
			};
			buildConfigurationList = C1C8CB1B2953386D00C1633F /* Build configuration list for PBXProject "LayoutAuthorizationScreen" */;
			compatibilityVersion = "Xcode 14.0";
			developmentRegion = en;
			hasScannedForEncodings = 0;
			knownRegions = (
				en,
				Base,
			);
			mainGroup = C1C8CB172953386D00C1633F;
			packageReferences = (
				C1C8CB3A29533B0800C1633F /* XCRemoteSwiftPackageReference "SnapKit" */,
			);
			productRefGroup = C1C8CB212953386D00C1633F /* Products */;
			projectDirPath = "";
			projectRoot = "";
			targets = (
				C1C8CB1F2953386D00C1633F /* LayoutAuthorizationScreen */,
			);
		};
/* End PBXProject section */

/* Begin PBXResourcesBuildPhase section */
		C1C8CB1E2953386D00C1633F /* Resources */ = {
			isa = PBXResourcesBuildPhase;
			buildActionMask = 2147483647;
			files = (
				C1C8CB302953386F00C1633F /* LaunchScreen.storyboard in Resources */,
				C1C8CB4129533EDE00C1633F /* Inter-Regular.otf in Resources */,
				C1C8CB2D2953386F00C1633F /* Assets.xcassets in Resources */,
				C1C8CB4029533EDE00C1633F /* Inter-Bold.otf in Resources */,
			);
			runOnlyForDeploymentPostprocessing = 0;
		};
/* End PBXResourcesBuildPhase section */

/* Begin PBXSourcesBuildPhase section */
		C1C8CB1C2953386D00C1633F /* Sources */ = {
			isa = PBXSourcesBuildPhase;
			buildActionMask = 2147483647;
			files = (
				C1C8CB282953386D00C1633F /* ViewController.swift in Sources */,
				C1C8CB242953386D00C1633F /* AppDelegate.swift in Sources */,
				C1C8CB262953386D00C1633F /* SceneDelegate.swift in Sources */,
			);
			runOnlyForDeploymentPostprocessing = 0;
		};
/* End PBXSourcesBuildPhase section */

/* Begin PBXVariantGroup section */
		C1C8CB2E2953386F00C1633F /* LaunchScreen.storyboard */ = {
			isa = PBXVariantGroup;
			children = (
				C1C8CB2F2953386F00C1633F /* Base */,
			);
			name = LaunchScreen.storyboard;
			sourceTree = "<group>";
		};
/* End PBXVariantGroup section */

/* Begin XCBuildConfiguration section */
		C1C8CB322953386F00C1633F /* Debug */ = {
			isa = XCBuildConfiguration;
			buildSettings = {
				ALWAYS_SEARCH_USER_PATHS = NO;
				CLANG_ANALYZER_NONNULL = YES;
				CLANG_ANALYZER_NUMBER_OBJECT_CONVERSION = YES_AGGRESSIVE;
				CLANG_CXX_LANGUAGE_STANDARD = "gnu++20";
				CLANG_ENABLE_MODULES = YES;
				CLANG_ENABLE_OBJC_ARC = YES;
				CLANG_ENABLE_OBJC_WEAK = YES;
				CLANG_WARN_BLOCK_CAPTURE_AUTORELEASING = YES;
				CLANG_WARN_BOOL_CONVERSION = YES;
				CLANG_WARN_COMMA = YES;
				CLANG_WARN_CONSTANT_CONVERSION = YES;
				CLANG_WARN_DEPRECATED_OBJC_IMPLEMENTATIONS = YES;
				CLANG_WARN_DIRECT_OBJC_ISA_USAGE = YES_ERROR;
				CLANG_WARN_DOCUMENTATION_COMMENTS = YES;
				CLANG_WARN_EMPTY_BODY = YES;
				CLANG_WARN_ENUM_CONVERSION = YES;
				CLANG_WARN_INFINITE_RECURSION = YES;
				CLANG_WARN_INT_CONVERSION = YES;
				CLANG_WARN_NON_LITERAL_NULL_CONVERSION = YES;
				CLANG_WARN_OBJC_IMPLICIT_RETAIN_SELF = YES;
				CLANG_WARN_OBJC_LITERAL_CONVERSION = YES;
				CLANG_WARN_OBJC_ROOT_CLASS = YES_ERROR;
				CLANG_WARN_QUOTED_INCLUDE_IN_FRAMEWORK_HEADER = YES;
				CLANG_WARN_RANGE_LOOP_ANALYSIS = YES;
				CLANG_WARN_STRICT_PROTOTYPES = YES;
				CLANG_WARN_SUSPICIOUS_MOVE = YES;
				CLANG_WARN_UNGUARDED_AVAILABILITY = YES_AGGRESSIVE;
				CLANG_WARN_UNREACHABLE_CODE = YES;
				CLANG_WARN__DUPLICATE_METHOD_MATCH = YES;
				COPY_PHASE_STRIP = NO;
				DEBUG_INFORMATION_FORMAT = dwarf;
				ENABLE_STRICT_OBJC_MSGSEND = YES;
				ENABLE_TESTABILITY = YES;
				GCC_C_LANGUAGE_STANDARD = gnu11;
				GCC_DYNAMIC_NO_PIC = NO;
				GCC_NO_COMMON_BLOCKS = YES;
				GCC_OPTIMIZATION_LEVEL = 0;
				GCC_PREPROCESSOR_DEFINITIONS = (
					"DEBUG=1",
					"$(inherited)",
				);
				GCC_WARN_64_TO_32_BIT_CONVERSION = YES;
				GCC_WARN_ABOUT_RETURN_TYPE = YES_ERROR;
				GCC_WARN_UNDECLARED_SELECTOR = YES;
				GCC_WARN_UNINITIALIZED_AUTOS = YES_AGGRESSIVE;
				GCC_WARN_UNUSED_FUNCTION = YES;
				GCC_WARN_UNUSED_VARIABLE = YES;
				IPHONEOS_DEPLOYMENT_TARGET = 14.1;
				MTL_ENABLE_DEBUG_INFO = INCLUDE_SOURCE;
				MTL_FAST_MATH = YES;
				ONLY_ACTIVE_ARCH = YES;
				SDKROOT = iphoneos;
				SWIFT_ACTIVE_COMPILATION_CONDITIONS = DEBUG;
				SWIFT_OPTIMIZATION_LEVEL = "-Onone";
			};
			name = Debug;
		};
		C1C8CB332953386F00C1633F /* Release */ = {
			isa = XCBuildConfiguration;
			buildSettings = {
				ALWAYS_SEARCH_USER_PATHS = NO;
				CLANG_ANALYZER_NONNULL = YES;
				CLANG_ANALYZER_NUMBER_OBJECT_CONVERSION = YES_AGGRESSIVE;
				CLANG_CXX_LANGUAGE_STANDARD = "gnu++20";
				CLANG_ENABLE_MODULES = YES;
				CLANG_ENABLE_OBJC_ARC = YES;
				CLANG_ENABLE_OBJC_WEAK = YES;
				CLANG_WARN_BLOCK_CAPTURE_AUTORELEASING = YES;
				CLANG_WARN_BOOL_CONVERSION = YES;
				CLANG_WARN_COMMA = YES;
				CLANG_WARN_CONSTANT_CONVERSION = YES;
				CLANG_WARN_DEPRECATED_OBJC_IMPLEMENTATIONS = YES;
				CLANG_WARN_DIRECT_OBJC_ISA_USAGE = YES_ERROR;
				CLANG_WARN_DOCUMENTATION_COMMENTS = YES;
				CLANG_WARN_EMPTY_BODY = YES;
				CLANG_WARN_ENUM_CONVERSION = YES;
				CLANG_WARN_INFINITE_RECURSION = YES;
				CLANG_WARN_INT_CONVERSION = YES;
				CLANG_WARN_NON_LITERAL_NULL_CONVERSION = YES;
				CLANG_WARN_OBJC_IMPLICIT_RETAIN_SELF = YES;
				CLANG_WARN_OBJC_LITERAL_CONVERSION = YES;
				CLANG_WARN_OBJC_ROOT_CLASS = YES_ERROR;
				CLANG_WARN_QUOTED_INCLUDE_IN_FRAMEWORK_HEADER = YES;
				CLANG_WARN_RANGE_LOOP_ANALYSIS = YES;
				CLANG_WARN_STRICT_PROTOTYPES = YES;
				CLANG_WARN_SUSPICIOUS_MOVE = YES;
				CLANG_WARN_UNGUARDED_AVAILABILITY = YES_AGGRESSIVE;
				CLANG_WARN_UNREACHABLE_CODE = YES;
				CLANG_WARN__DUPLICATE_METHOD_MATCH = YES;
				COPY_PHASE_STRIP = NO;
				DEBUG_INFORMATION_FORMAT = "dwarf-with-dsym";
				ENABLE_NS_ASSERTIONS = NO;
				ENABLE_STRICT_OBJC_MSGSEND = YES;
				GCC_C_LANGUAGE_STANDARD = gnu11;
				GCC_NO_COMMON_BLOCKS = YES;
				GCC_WARN_64_TO_32_BIT_CONVERSION = YES;
				GCC_WARN_ABOUT_RETURN_TYPE = YES_ERROR;
				GCC_WARN_UNDECLARED_SELECTOR = YES;
				GCC_WARN_UNINITIALIZED_AUTOS = YES_AGGRESSIVE;
				GCC_WARN_UNUSED_FUNCTION = YES;
				GCC_WARN_UNUSED_VARIABLE = YES;
				IPHONEOS_DEPLOYMENT_TARGET = 14.1;
				MTL_ENABLE_DEBUG_INFO = NO;
				MTL_FAST_MATH = YES;
				SDKROOT = iphoneos;
				SWIFT_COMPILATION_MODE = wholemodule;
				SWIFT_OPTIMIZATION_LEVEL = "-O";
				VALIDATE_PRODUCT = YES;
			};
			name = Release;
		};
		C1C8CB352953386F00C1633F /* Debug */ = {
			isa = XCBuildConfiguration;
			buildSettings = {
				ASSETCATALOG_COMPILER_APPICON_NAME = AppIcon;
				ASSETCATALOG_COMPILER_GLOBAL_ACCENT_COLOR_NAME = AccentColor;
				CODE_SIGN_STYLE = Automatic;
				CURRENT_PROJECT_VERSION = 1;
				DEVELOPMENT_TEAM = KD67T552T3;
				GENERATE_INFOPLIST_FILE = YES;
				INFOPLIST_FILE = LayoutAuthorizationScreen/Resources/Info.plist;
				INFOPLIST_KEY_UIApplicationSupportsIndirectInputEvents = YES;
				INFOPLIST_KEY_UILaunchStoryboardName = LaunchScreen;
				INFOPLIST_KEY_UISupportedInterfaceOrientations = UIInterfaceOrientationPortrait;
				INFOPLIST_KEY_UISupportedInterfaceOrientations_iPad = "UIInterfaceOrientationLandscapeLeft UIInterfaceOrientationLandscapeRight UIInterfaceOrientationPortrait UIInterfaceOrientationPortraitUpsideDown";
				LD_RUNPATH_SEARCH_PATHS = (
					"$(inherited)",
					"@executable_path/Frameworks",
				);
				MARKETING_VERSION = 1.0;
				PRODUCT_BUNDLE_IDENTIFIER = com.my.LayoutAuthorizationScreen;
				PRODUCT_NAME = "$(TARGET_NAME)";
				SUPPORTED_PLATFORMS = "iphoneos iphonesimulator";
				SUPPORTS_MACCATALYST = NO;
				SUPPORTS_MAC_DESIGNED_FOR_IPHONE_IPAD = NO;
				SWIFT_EMIT_LOC_STRINGS = YES;
				SWIFT_VERSION = 5.0;
				TARGETED_DEVICE_FAMILY = 1;
			};
			name = Debug;
		};
		C1C8CB362953386F00C1633F /* Release */ = {
			isa = XCBuildConfiguration;
			buildSettings = {
				ASSETCATALOG_COMPILER_APPICON_NAME = AppIcon;
				ASSETCATALOG_COMPILER_GLOBAL_ACCENT_COLOR_NAME = AccentColor;
				CODE_SIGN_STYLE = Automatic;
				CURRENT_PROJECT_VERSION = 1;
				DEVELOPMENT_TEAM = KD67T552T3;
				GENERATE_INFOPLIST_FILE = YES;
				INFOPLIST_FILE = LayoutAuthorizationScreen/Resources/Info.plist;
				INFOPLIST_KEY_UIApplicationSupportsIndirectInputEvents = YES;
				INFOPLIST_KEY_UILaunchStoryboardName = LaunchScreen;
				INFOPLIST_KEY_UISupportedInterfaceOrientations = UIInterfaceOrientationPortrait;
				INFOPLIST_KEY_UISupportedInterfaceOrientations_iPad = "UIInterfaceOrientationLandscapeLeft UIInterfaceOrientationLandscapeRight UIInterfaceOrientationPortrait UIInterfaceOrientationPortraitUpsideDown";
				LD_RUNPATH_SEARCH_PATHS = (
					"$(inherited)",
					"@executable_path/Frameworks",
				);
				MARKETING_VERSION = 1.0;
				PRODUCT_BUNDLE_IDENTIFIER = com.my.LayoutAuthorizationScreen;
				PRODUCT_NAME = "$(TARGET_NAME)";
				SUPPORTED_PLATFORMS = "iphoneos iphonesimulator";
				SUPPORTS_MACCATALYST = NO;
				SUPPORTS_MAC_DESIGNED_FOR_IPHONE_IPAD = NO;
				SWIFT_EMIT_LOC_STRINGS = YES;
				SWIFT_VERSION = 5.0;
				TARGETED_DEVICE_FAMILY = 1;
			};
			name = Release;
		};
/* End XCBuildConfiguration section */

/* Begin XCConfigurationList section */
		C1C8CB1B2953386D00C1633F /* Build configuration list for PBXProject "LayoutAuthorizationScreen" */ = {
			isa = XCConfigurationList;
			buildConfigurations = (
				C1C8CB322953386F00C1633F /* Debug */,
				C1C8CB332953386F00C1633F /* Release */,
			);
			defaultConfigurationIsVisible = 0;
			defaultConfigurationName = Release;
		};
		C1C8CB342953386F00C1633F /* Build configuration list for PBXNativeTarget "LayoutAuthorizationScreen" */ = {
			isa = XCConfigurationList;
			buildConfigurations = (
				C1C8CB352953386F00C1633F /* Debug */,
				C1C8CB362953386F00C1633F /* Release */,
			);
			defaultConfigurationIsVisible = 0;
			defaultConfigurationName = Release;
		};
/* End XCConfigurationList section */

/* Begin XCRemoteSwiftPackageReference section */
		C1C8CB3A29533B0800C1633F /* XCRemoteSwiftPackageReference "SnapKit" */ = {
			isa = XCRemoteSwiftPackageReference;
			repositoryURL = "https://github.com/SnapKit/SnapKit.git";
			requirement = {
				branch = develop;
				kind = branch;
			};
		};
/* End XCRemoteSwiftPackageReference section */

/* Begin XCSwiftPackageProductDependency section */
		C1C8CB3B29533B0800C1633F /* SnapKit */ = {
			isa = XCSwiftPackageProductDependency;
			package = C1C8CB3A29533B0800C1633F /* XCRemoteSwiftPackageReference "SnapKit" */;
			productName = SnapKit;
		};
/* End XCSwiftPackageProductDependency section */
	};
	rootObject = C1C8CB182953386D00C1633F /* Project object */;
}
